// !$*UTF8*$!
{
	archiveVersion = 1;
	classes = {
	};
	objectVersion = 50;
	objects = {

/* Begin PBXBuildFile section */
		027B890E23420B550071C8ED /* AppDelegate.swift in Sources */ = {isa = PBXBuildFile; fileRef = 027B890D23420B550071C8ED /* AppDelegate.swift */; };
		027B891023420B550071C8ED /* SceneDelegate.swift in Sources */ = {isa = PBXBuildFile; fileRef = 027B890F23420B550071C8ED /* SceneDelegate.swift */; };
		027B891223420B550071C8ED /* ContentView.swift in Sources */ = {isa = PBXBuildFile; fileRef = 027B891123420B550071C8ED /* ContentView.swift */; };
		027B891423420B560071C8ED /* Assets.xcassets in Resources */ = {isa = PBXBuildFile; fileRef = 027B891323420B560071C8ED /* Assets.xcassets */; };
		027B891723420B560071C8ED /* Preview Assets.xcassets in Resources */ = {isa = PBXBuildFile; fileRef = 027B891623420B560071C8ED /* Preview Assets.xcassets */; };
		027B891A23420B560071C8ED /* LaunchScreen.storyboard in Resources */ = {isa = PBXBuildFile; fileRef = 027B891823420B560071C8ED /* LaunchScreen.storyboard */; };
		027B892323420F250071C8ED /* Course.swift in Sources */ = {isa = PBXBuildFile; fileRef = 027B892223420F250071C8ED /* Course.swift */; };
		027B892623420F530071C8ED /* CoursesViewModel.swift in Sources */ = {isa = PBXBuildFile; fileRef = 027B892523420F530071C8ED /* CoursesViewModel.swift */; };
/* End PBXBuildFile section */

/* Begin PBXFileReference section */
		027B890A23420B550071C8ED /* SwiftUIJsonFetching.app */ = {isa = PBXFileReference; explicitFileType = wrapper.application; includeInIndex = 0; path = SwiftUIJsonFetching.app; sourceTree = BUILT_PRODUCTS_DIR; };
		027B890D23420B550071C8ED /* AppDelegate.swift */ = {isa = PBXFileReference; lastKnownFileType = sourcecode.swift; path = AppDelegate.swift; sourceTree = "<group>"; };
		027B890F23420B550071C8ED /* SceneDelegate.swift */ = {isa = PBXFileReference; lastKnownFileType = sourcecode.swift; path = SceneDelegate.swift; sourceTree = "<group>"; };
		027B891123420B550071C8ED /* ContentView.swift */ = {isa = PBXFileReference; lastKnownFileType = sourcecode.swift; path = ContentView.swift; sourceTree = "<group>"; };
		027B891323420B560071C8ED /* Assets.xcassets */ = {isa = PBXFileReference; lastKnownFileType = folder.assetcatalog; path = Assets.xcassets; sourceTree = "<group>"; };
		027B891623420B560071C8ED /* Preview Assets.xcassets */ = {isa = PBXFileReference; lastKnownFileType = folder.assetcatalog; path = "Preview Assets.xcassets"; sourceTree = "<group>"; };
		027B891923420B560071C8ED /* Base */ = {isa = PBXFileReference; lastKnownFileType = file.storyboard; name = Base; path = Base.lproj/LaunchScreen.storyboard; sourceTree = "<group>"; };
		027B891B23420B560071C8ED /* Info.plist */ = {isa = PBXFileReference; lastKnownFileType = text.plist.xml; path = Info.plist; sourceTree = "<group>"; };
		027B892223420F250071C8ED /* Course.swift */ = {isa = PBXFileReference; lastKnownFileType = sourcecode.swift; path = Course.swift; sourceTree = "<group>"; };
		027B892523420F530071C8ED /* CoursesViewModel.swift */ = {isa = PBXFileReference; lastKnownFileType = sourcecode.swift; path = CoursesViewModel.swift; sourceTree = "<group>"; };
/* End PBXFileReference section */

/* Begin PBXFrameworksBuildPhase section */
		027B890723420B550071C8ED /* Frameworks */ = {
			isa = PBXFrameworksBuildPhase;
			buildActionMask = 2147483647;
			files = (
			);
			runOnlyForDeploymentPostprocessing = 0;
		};
/* End PBXFrameworksBuildPhase section */

/* Begin PBXGroup section */
		027B890123420B550071C8ED = {
			isa = PBXGroup;
			children = (
				027B890C23420B550071C8ED /* SwiftUIJsonFetching */,
				027B890B23420B550071C8ED /* Products */,
			);
			sourceTree = "<group>";
		};
		027B890B23420B550071C8ED /* Products */ = {
			isa = PBXGroup;
			children = (
				027B890A23420B550071C8ED /* SwiftUIJsonFetching.app */,
			);
			name = Products;
			sourceTree = "<group>";
		};
		027B890C23420B550071C8ED /* SwiftUIJsonFetching */ = {
			isa = PBXGroup;
			children = (
				027B892723420F7A0071C8ED /* View */,
				027B892423420F3F0071C8ED /* ViewModel */,
				027B892123420F110071C8ED /* Model */,
				027B890D23420B550071C8ED /* AppDelegate.swift */,
				027B890F23420B550071C8ED /* SceneDelegate.swift */,
				027B891323420B560071C8ED /* Assets.xcassets */,
				027B891823420B560071C8ED /* LaunchScreen.storyboard */,
				027B891B23420B560071C8ED /* Info.plist */,
				027B891523420B560071C8ED /* Preview Content */,
			);
			path = SwiftUIJsonFetching;
			sourceTree = "<group>";
		};
		027B891523420B560071C8ED /* Preview Content */ = {
			isa = PBXGroup;
			children = (
				027B891623420B560071C8ED /* Preview Assets.xcassets */,
			);
			path = "Preview Content";
			sourceTree = "<group>";
		};
		027B892123420F110071C8ED /* Model */ = {
			isa = PBXGroup;
			children = (
				027B892223420F250071C8ED /* Course.swift */,
			);
			path = Model;
			sourceTree = "<group>";
		};
		027B892423420F3F0071C8ED /* ViewModel */ = {
			isa = PBXGroup;
			children = (
				027B892523420F530071C8ED /* CoursesViewModel.swift */,
			);
			path = ViewModel;
			sourceTree = "<group>";
		};
		027B892723420F7A0071C8ED /* View */ = {
			isa = PBXGroup;
			children = (
				027B891123420B550071C8ED /* ContentView.swift */,
			);
			path = View;
			sourceTree = "<group>";
		};
/* End PBXGroup section */

/* Begin PBXNativeTarget section */
		027B890923420B550071C8ED /* SwiftUIJsonFetching */ = {
			isa = PBXNativeTarget;
			buildConfigurationList = 027B891E23420B560071C8ED /* Build configuration list for PBXNativeTarget "SwiftUIJsonFetching" */;
			buildPhases = (
				027B890623420B550071C8ED /* Sources */,
				027B890723420B550071C8ED /* Frameworks */,
				027B890823420B550071C8ED /* Resources */,
			);
			buildRules = (
			);
			dependencies = (
			);
			name = SwiftUIJsonFetching;
			productName = SwiftUIJsonFetching;
			productReference = 027B890A23420B550071C8ED /* SwiftUIJsonFetching.app */;
			productType = "com.apple.product-type.application";
		};
/* End PBXNativeTarget section */

/* Begin PBXProject section */
		027B890223420B550071C8ED /* Project object */ = {
			isa = PBXProject;
			attributes = {
				LastSwiftUpdateCheck = 1100;
				LastUpgradeCheck = 1100;
				ORGANIZATIONNAME = Thobio;
				TargetAttributes = {
					027B890923420B550071C8ED = {
						CreatedOnToolsVersion = 11.0;
					};
				};
			};
			buildConfigurationList = 027B890523420B550071C8ED /* Build configuration list for PBXProject "SwiftUIJsonFetching" */;
			compatibilityVersion = "Xcode 9.3";
			developmentRegion = en;
			hasScannedForEncodings = 0;
			knownRegions = (
				en,
				Base,
			);
			mainGroup = 027B890123420B550071C8ED;
			productRefGroup = 027B890B23420B550071C8ED /* Products */;
			projectDirPath = "";
			projectRoot = "";
			targets = (
				027B890923420B550071C8ED /* SwiftUIJsonFetching */,
			);
		};
/* End PBXProject section */

/* Begin PBXResourcesBuildPhase section */
		027B890823420B550071C8ED /* Resources */ = {
			isa = PBXResourcesBuildPhase;
			buildActionMask = 2147483647;
			files = (
				027B891A23420B560071C8ED /* LaunchScreen.storyboard in Resources */,
				027B891723420B560071C8ED /* Preview Assets.xcassets in Resources */,
				027B891423420B560071C8ED /* Assets.xcassets in Resources */,
			);
			runOnlyForDeploymentPostprocessing = 0;
		};
/* End PBXResourcesBuildPhase section */

/* Begin PBXSourcesBuildPhase section */
		027B890623420B550071C8ED /* Sources */ = {
			isa = PBXSourcesBuildPhase;
			buildActionMask = 2147483647;
			files = (
				027B892323420F250071C8ED /* Course.swift in Sources */,
				027B892623420F530071C8ED /* CoursesViewModel.swift in Sources */,
				027B890E23420B550071C8ED /* AppDelegate.swift in Sources */,
				027B891023420B550071C8ED /* SceneDelegate.swift in Sources */,
				027B891223420B550071C8ED /* ContentView.swift in Sources */,
			);
			runOnlyForDeploymentPostprocessing = 0;
		};
/* End PBXSourcesBuildPhase section */

/* Begin PBXVariantGroup section */
		027B891823420B560071C8ED /* LaunchScreen.storyboard */ = {
			isa = PBXVariantGroup;
			children = (
				027B891923420B560071C8ED /* Base */,
			);
			name = LaunchScreen.storyboard;
			sourceTree = "<group>";
		};
/* End PBXVariantGroup section */

/* Begin XCBuildConfiguration section */
		027B891C23420B560071C8ED /* Debug */ = {
			isa = XCBuildConfiguration;
			buildSettings = {
				ALWAYS_SEARCH_USER_PATHS = NO;
				CLANG_ANALYZER_NONNULL = YES;
				CLANG_ANALYZER_NUMBER_OBJECT_CONVERSION = YES_AGGRESSIVE;
				CLANG_CXX_LANGUAGE_STANDARD = "gnu++14";
				CLANG_CXX_LIBRARY = "libc++";
				CLANG_ENABLE_MODULES = YES;
				CLANG_ENABLE_OBJC_ARC = YES;
				CLANG_ENABLE_OBJC_WEAK = YES;
				CLANG_WARN_BLOCK_CAPTURE_AUTORELEASING = YES;
				CLANG_WARN_BOOL_CONVERSION = YES;
				CLANG_WARN_COMMA = YES;
				CLANG_WARN_CONSTANT_CONVERSION = YES;
				CLANG_WARN_DEPRECATED_OBJC_IMPLEMENTATIONS = YES;
				CLANG_WARN_DIRECT_OBJC_ISA_USAGE = YES_ERROR;
				CLANG_WARN_DOCUMENTATION_COMMENTS = YES;
				CLANG_WARN_EMPTY_BODY = YES;
				CLANG_WARN_ENUM_CONVERSION = YES;
				CLANG_WARN_INFINITE_RECURSION = YES;
				CLANG_WARN_INT_CONVERSION = YES;
				CLANG_WARN_NON_LITERAL_NULL_CONVERSION = YES;
				CLANG_WARN_OBJC_IMPLICIT_RETAIN_SELF = YES;
				CLANG_WARN_OBJC_LITERAL_CONVERSION = YES;
				CLANG_WARN_OBJC_ROOT_CLASS = YES_ERROR;
				CLANG_WARN_RANGE_LOOP_ANALYSIS = YES;
				CLANG_WARN_STRICT_PROTOTYPES = YES;
				CLANG_WARN_SUSPICIOUS_MOVE = YES;
				CLANG_WARN_UNGUARDED_AVAILABILITY = YES_AGGRESSIVE;
				CLANG_WARN_UNREACHABLE_CODE = YES;
				CLANG_WARN__DUPLICATE_METHOD_MATCH = YES;
				COPY_PHASE_STRIP = NO;
				DEBUG_INFORMATION_FORMAT = dwarf;
				ENABLE_STRICT_OBJC_MSGSEND = YES;
				ENABLE_TESTABILITY = YES;
				GCC_C_LANGUAGE_STANDARD = gnu11;
				GCC_DYNAMIC_NO_PIC = NO;
				GCC_NO_COMMON_BLOCKS = YES;
				GCC_OPTIMIZATION_LEVEL = 0;
				GCC_PREPROCESSOR_DEFINITIONS = (
					"DEBUG=1",
					"$(inherited)",
				);
				GCC_WARN_64_TO_32_BIT_CONVERSION = YES;
				GCC_WARN_ABOUT_RETURN_TYPE = YES_ERROR;
				GCC_WARN_UNDECLARED_SELECTOR = YES;
				GCC_WARN_UNINITIALIZED_AUTOS = YES_AGGRESSIVE;
				GCC_WARN_UNUSED_FUNCTION = YES;
				GCC_WARN_UNUSED_VARIABLE = YES;
				IPHONEOS_DEPLOYMENT_TARGET = 13.0;
				MTL_ENABLE_DEBUG_INFO = INCLUDE_SOURCE;
				MTL_FAST_MATH = YES;
				ONLY_ACTIVE_ARCH = YES;
				SDKROOT = iphoneos;
				SWIFT_ACTIVE_COMPILATION_CONDITIONS = DEBUG;
				SWIFT_OPTIMIZATION_LEVEL = "-Onone";
			};
			name = Debug;
		};
		027B891D23420B560071C8ED /* Release */ = {
			isa = XCBuildConfiguration;
			buildSettings = {
				ALWAYS_SEARCH_USER_PATHS = NO;
				CLANG_ANALYZER_NONNULL = YES;
				CLANG_ANALYZER_NUMBER_OBJECT_CONVERSION = YES_AGGRESSIVE;
				CLANG_CXX_LANGUAGE_STANDARD = "gnu++14";
				CLANG_CXX_LIBRARY = "libc++";
				CLANG_ENABLE_MODULES = YES;
				CLANG_ENABLE_OBJC_ARC = YES;
				CLANG_ENABLE_OBJC_WEAK = YES;
				CLANG_WARN_BLOCK_CAPTURE_AUTORELEASING = YES;
				CLANG_WARN_BOOL_CONVERSION = YES;
				CLANG_WARN_COMMA = YES;
				CLANG_WARN_CONSTANT_CONVERSION = YES;
				CLANG_WARN_DEPRECATED_OBJC_IMPLEMENTATIONS = YES;
				CLANG_WARN_DIRECT_OBJC_ISA_USAGE = YES_ERROR;
				CLANG_WARN_DOCUMENTATION_COMMENTS = YES;
				CLANG_WARN_EMPTY_BODY = YES;
				CLANG_WARN_ENUM_CONVERSION = YES;
				CLANG_WARN_INFINITE_RECURSION = YES;
				CLANG_WARN_INT_CONVERSION = YES;
				CLANG_WARN_NON_LITERAL_NULL_CONVERSION = YES;
				CLANG_WARN_OBJC_IMPLICIT_RETAIN_SELF = YES;
				CLANG_WARN_OBJC_LITERAL_CONVERSION = YES;
				CLANG_WARN_OBJC_ROOT_CLASS = YES_ERROR;
				CLANG_WARN_RANGE_LOOP_ANALYSIS = YES;
				CLANG_WARN_STRICT_PROTOTYPES = YES;
				CLANG_WARN_SUSPICIOUS_MOVE = YES;
				CLANG_WARN_UNGUARDED_AVAILABILITY = YES_AGGRESSIVE;
				CLANG_WARN_UNREACHABLE_CODE = YES;
				CLANG_WARN__DUPLICATE_METHOD_MATCH = YES;
				COPY_PHASE_STRIP = NO;
				DEBUG_INFORMATION_FORMAT = "dwarf-with-dsym";
				ENABLE_NS_ASSERTIONS = NO;
				ENABLE_STRICT_OBJC_MSGSEND = YES;
				GCC_C_LANGUAGE_STANDARD = gnu11;
				GCC_NO_COMMON_BLOCKS = YES;
				GCC_WARN_64_TO_32_BIT_CONVERSION = YES;
				GCC_WARN_ABOUT_RETURN_TYPE = YES_ERROR;
				GCC_WARN_UNDECLARED_SELECTOR = YES;
				GCC_WARN_UNINITIALIZED_AUTOS = YES_AGGRESSIVE;
				GCC_WARN_UNUSED_FUNCTION = YES;
				GCC_WARN_UNUSED_VARIABLE = YES;
				IPHONEOS_DEPLOYMENT_TARGET = 13.0;
				MTL_ENABLE_DEBUG_INFO = NO;
				MTL_FAST_MATH = YES;
				SDKROOT = iphoneos;
				SWIFT_COMPILATION_MODE = wholemodule;
				SWIFT_OPTIMIZATION_LEVEL = "-O";
				VALIDATE_PRODUCT = YES;
			};
			name = Release;
		};
		027B891F23420B560071C8ED /* Debug */ = {
			isa = XCBuildConfiguration;
			buildSettings = {
				ASSETCATALOG_COMPILER_APPICON_NAME = AppIcon;
				CODE_SIGN_STYLE = Automatic;
				DEVELOPMENT_ASSET_PATHS = "\"SwiftUIJsonFetching/Preview Content\"";
				DEVELOPMENT_TEAM = S9GSUR5LJ2;
				ENABLE_PREVIEWS = YES;
				INFOPLIST_FILE = SwiftUIJsonFetching/Info.plist;
				LD_RUNPATH_SEARCH_PATHS = (
					"$(inherited)",
					"@executable_path/Frameworks",
				);
				PRODUCT_BUNDLE_IDENTIFIER = com.thobio.SwiftUIJsonFetching;
				PRODUCT_NAME = "$(TARGET_NAME)";
				SWIFT_VERSION = 5.0;
				TARGETED_DEVICE_FAMILY = "1,2";
			};
			name = Debug;
		};
		027B892023420B560071C8ED /* Release */ = {
			isa = XCBuildConfiguration;
			buildSettings = {
				ASSETCATALOG_COMPILER_APPICON_NAME = AppIcon;
				CODE_SIGN_STYLE = Automatic;
				DEVELOPMENT_ASSET_PATHS = "\"SwiftUIJsonFetching/Preview Content\"";
				DEVELOPMENT_TEAM = S9GSUR5LJ2;
				ENABLE_PREVIEWS = YES;
				INFOPLIST_FILE = SwiftUIJsonFetching/Info.plist;
				LD_RUNPATH_SEARCH_PATHS = (
					"$(inherited)",
					"@executable_path/Frameworks",
				);
				PRODUCT_BUNDLE_IDENTIFIER = com.thobio.SwiftUIJsonFetching;
				PRODUCT_NAME = "$(TARGET_NAME)";
				SWIFT_VERSION = 5.0;
				TARGETED_DEVICE_FAMILY = "1,2";
			};
			name = Release;
		};
/* End XCBuildConfiguration section */

/* Begin XCConfigurationList section */
		027B890523420B550071C8ED /* Build configuration list for PBXProject "SwiftUIJsonFetching" */ = {
			isa = XCConfigurationList;
			buildConfigurations = (
				027B891C23420B560071C8ED /* Debug */,
				027B891D23420B560071C8ED /* Release */,
			);
			defaultConfigurationIsVisible = 0;
			defaultConfigurationName = Release;
		};
		027B891E23420B560071C8ED /* Build configuration list for PBXNativeTarget "SwiftUIJsonFetching" */ = {
			isa = XCConfigurationList;
			buildConfigurations = (
				027B891F23420B560071C8ED /* Debug */,
				027B892023420B560071C8ED /* Release */,
			);
			defaultConfigurationIsVisible = 0;
			defaultConfigurationName = Release;
		};
/* End XCConfigurationList section */
	};
	rootObject = 027B890223420B550071C8ED /* Project object */;
}
